{
  "name": "anilist-chinese",
  "version": "1.1.0",
  "lockfileVersion": 1,
  "requires": true,
  "dependencies": {
    "lru-cache": {
      "version": "2.7.3",
      "resolved": "https://registry.npmjs.org/lru-cache/-/lru-cache-2.7.3.tgz",
      "integrity": "sha1-bUUk6LlV+V1PW1iFHOId1y+06VI="
    },
    "mariasql": {
      "version": "0.2.6",
      "resolved": "https://registry.npmjs.org/mariasql/-/mariasql-0.2.6.tgz",
      "integrity": "sha1-q3iwZxFy8Or06A3a0Cm4A/Nc93o=",
      "requires": {
        "lru-cache": "2.7.3",
        "nan": "2.8.0"
      }
    },
    "nan": {
      "version": "2.8.0",
      "resolved": "https://registry.npmjs.org/nan/-/nan-2.8.0.tgz",
      "integrity": "sha1-7XFfP+neArV6XmJS2QqWZ14fCFo="
    }
  }
}
