{
  "name": "anilist-chinese",
  "version": "2.0.0",
  "lockfileVersion": 3,
  "requires": true,
  "packages": {
    "": {
      "name": "anilist-chinese",
      "version": "2.0.0",
      "license": "MIT",
      "devDependencies": {
        "@types/node": "^26.6.4",
        "oxfmt": "^0.72.0",
        "oxlint": "^1.87.0",
        "postgres": "^3.4.9"
      },
      "engines": {
        "node": ">=24"
      }
    },
    "node_modules/@oxfmt/binding-android-arm-eabi": {
      "version": "0.72.0",
      "resolved": "https://registry.npmjs.org/@oxfmt/binding-android-arm-eabi/-/binding-android-arm-eabi-0.72.0.tgz",
      "integrity": "sha512-u4U1uaDOVBuorGNC/07NLm48nECHOiJJka002YGML16Md2DRvf38RGBt01lH60EOGvNlFVmbLoksQedNBoZHKw==",
      "cpu": [
        "arm"
      ],
      "dev": true,
      "license": "MIT",
      "optional": true,
      "os": [
        "android"
      ],
      "engines": {
        "node": "^20.19.0 || >=22.12.0"
      }
    },
    "node_modules/@oxfmt/binding-android-arm64": {
      "version": "0.72.0",
      "resolved": "https://registry.npmjs.org/@oxfmt/binding-android-arm64/-/binding-android-arm64-0.72.0.tgz",
      "integrity": "sha512-GCnM+Ae2mWOKC+92y3FOb6eZJeVnBAVz82e3lITUUg+kxukYKzBNAvJ/hhHIfa2A0md55SYYhdWPddSSy3KPVA==",
      "cpu": [
        "arm64"
      ],
      "dev": true,
      "license": "MIT",
      "optional": true,
      "os": [
        "android"
      ],
      "engines": {
        "node": "^20.19.0 || >=22.12.0"
      }
    },
    "node_modules/@oxfmt/binding-darwin-arm64": {
      "version": "0.72.0",
      "resolved": "https://registry.npmjs.org/@oxfmt/binding-darwin-arm64/-/binding-darwin-arm64-0.72.0.tgz",
      "integrity": "sha512-LjQ8tlevdtwraFlWC6AnQ1Forzde0clRmnsP3QmK+ydSElDt/J+5Jc+m+//Ly1G97aP7WCNUw110QMIUw2K7xA==",
      "cpu": [
        "arm64"
      ],
      "dev": true,
      "license": "MIT",
      "optional": true,
      "os": [
        "darwin"
      ],
      "engines": {
        "node": "^20.19.0 || >=22.12.0"
      }
    },
    "node_modules/@oxfmt/binding-darwin-x64": {
      "version": "0.72.0",
      "resolved": "https://registry.npmjs.org/@oxfmt/binding-darwin-x64/-/binding-darwin-x64-0.72.0.tgz",
      "integrity": "sha512-+ZbcxhB1C34RQR5IldSyY6Z/yalJIxHXhP36PGE4sEq0f/lgL5jCLmOKoDeVm8dqd9gFGDsd1bNWHSGCAwdSkw==",
      "cpu": [
        "x64"
      ],
      "dev": true,
      "license": "MIT",
      "optional": true,
      "os": [
        "darwin"
      ],
      "engines": {
        "node": "^20.19.0 || >=22.12.0"
      }
    },
    "node_modules/@oxfmt/binding-freebsd-x64": {
      "version": "0.72.0",
      "resolved": "https://registry.npmjs.org/@oxfmt/binding-freebsd-x64/-/binding-freebsd-x64-0.72.0.tgz",
      "integrity": "sha512-yGPhA8sePEBFV9iGcprhyOk3Bz3fZshswMH3DpYIPZFLT1DG5LjiZ0j6AJQpSueaL6bUK0av1K+5+fe+ldy5EQ==",
      "cpu": [
        "x64"
      ],
      "dev": true,
      "license": "MIT",
      "optional": true,
      "os": [
        "freebsd"
      ],
      "engines": {
        "node": "^20.19.0 || >=22.12.0"
      }
    },
    "node_modules/@oxfmt/binding-linux-arm-gnueabihf": {
      "version": "0.72.0",
      "resolved": "https://registry.npmjs.org/@oxfmt/binding-linux-arm-gnueabihf/-/binding-linux-arm-gnueabihf-0.72.0.tgz",
      "integrity": "sha512-/g5axuqFMcAtoQrFLR5EJEMDjR5Ea4GuzpdDmMpPWAgrF1DmL4kD1NPNVlpXEOxpFJnD6lPvLKYj1lzdlrfifA==",
      "cpu": [
        "arm"
      ],
      "dev": true,
      "license": "MIT",
      "optional": true,
      "os": [
        "linux"
      ],
      "engines": {
        "node": "^20.19.0 || >=22.12.0"
      }
    },
    "node_modules/@oxfmt/binding-linux-arm-musleabihf": {
      "version": "0.72.0",
      "resolved": "https://registry.npmjs.org/@oxfmt/binding-linux-arm-musleabihf/-/binding-linux-arm-musleabihf-0.72.0.tgz",
      "integrity": "sha512-InVitdHbS09PM+w+WinIiyX37rC9R3L7lUP9mKy9uKTEDSUFaLjWsLoreRIxKivnv7Ndqc6Trvi+K+b6ZzhiJg==",
      "cpu": [
        "arm"
      ],
      "dev": true,
      "license": "MIT",
      "optional": true,
      "os": [
        "linux"
      ],
      "engines": {
        "node": "^20.19.0 || >=22.12.0"
      }
    },
    "node_modules/@oxfmt/binding-linux-arm64-gnu": {
      "version": "0.72.0",
      "resolved": "https://registry.npmjs.org/@oxfmt/binding-linux-arm64-gnu/-/binding-linux-arm64-gnu-0.72.0.tgz",
      "integrity": "sha512-WKjlyRAxpPjXoqeuwFBim5LscgvY+RNEiZ971C9JlRQZONhJTsXDki/oHFYQE+fzzRpzXh3owZvOdT3kNL2g+g==",
      "cpu": [
        "arm64"
      ],
      "dev": true,
      "libc": [
        "glibc"
      ],
      "license": "MIT",
      "optional": true,
      "os": [
        "linux"
      ],
      "engines": {
        "node": "^20.19.0 || >=22.12.0"
      }
    },
    "node_modules/@oxfmt/binding-linux-arm64-musl": {
      "version": "0.72.0",
      "resolved": "https://registry.npmjs.org/@oxfmt/binding-linux-arm64-musl/-/binding-linux-arm64-musl-0.72.0.tgz",
      "integrity": "sha512-poafnbsPpJhR+5Mbwpf8CscugTyiRAzjTOxRVn8ra3X2jnURs2xL5Du2xl5g2iW85lICMglpmLf8jDjZEbNgzQ==",
      "cpu": [
        "arm64"
      ],
      "dev": true,
      "libc": [
        "musl"
      ],
      "license": "MIT",
      "optional": true,
      "os": [
        "linux"
      ],
      "engines": {
        "node": "^20.19.0 || >=22.12.0"
      }
    },
    "node_modules/@oxfmt/binding-linux-ppc64-gnu": {
      "version": "0.72.0",
      "resolved": "https://registry.npmjs.org/@oxfmt/binding-linux-ppc64-gnu/-/binding-linux-ppc64-gnu-0.72.0.tgz",
      "integrity": "sha512-zNUi0gKRsO7S3IfPzsTbnm88OedPuX32hmZFWZRWHvWJlAoZRwVbeO6Nb3hng4vDgL7qUKp4TGqzPz1mhsycYg==",
      "cpu": [
        "ppc64"
      ],
      "dev": true,
      "libc": [
        "glibc"
      ],
      "license": "MIT",
      "optional": true,
      "os": [
        "linux"
      ],
      "engines": {
        "node": "^20.19.0 || >=22.12.0"
      }
    },
    "node_modules/@oxfmt/binding-linux-riscv64-gnu": {
      "version": "0.72.0",
      "resolved": "https://registry.npmjs.org/@oxfmt/binding-linux-riscv64-gnu/-/binding-linux-riscv64-gnu-0.72.0.tgz",
      "integrity": "sha512-qTY7z/iyF/rWI2HWwWMevXqZW5PZUOofUy2afK7v6rseXnpld3yjgyIk6pCux3DqWQ0lB+f5atvLJNBwzLvFsw==",
      "cpu": [
        "riscv64"
      ],
      "dev": true,
      "libc": [
        "glibc"
      ],
      "license": "MIT",
      "optional": true,
      "os": [
        "linux"
      ],
      "engines": {
        "node": "^20.19.0 || >=22.12.0"
      }
    },
    "node_modules/@oxfmt/binding-linux-riscv64-musl": {
      "version": "0.72.0",
      "resolved": "https://registry.npmjs.org/@oxfmt/binding-linux-riscv64-musl/-/binding-linux-riscv64-musl-0.72.0.tgz",
      "integrity": "sha512-w18qfo8vEMD6EKEHtzTvjc6jH8yCyXIT1Bn7PFWJd0PpZyzH/VQDx4xvjCh0LGz6GRzqiezbisTdG9AoXtpkZQ==",
      "cpu": [
        "riscv64"
      ],
      "dev": true,
      "libc": [
        "musl"
      ],
      "license": "MIT",
      "optional": true,
      "os": [
        "linux"
      ],
      "engines": {
        "node": "^20.19.0 || >=22.12.0"
      }
    },
    "node_modules/@oxfmt/binding-linux-s390x-gnu": {
      "version": "0.72.0",
      "resolved": "https://registry.npmjs.org/@oxfmt/binding-linux-s390x-gnu/-/binding-linux-s390x-gnu-0.72.0.tgz",
      "integrity": "sha512-grW8HwEir+vK7fCcq1ZgL3NHQCfZ1PidiERE9Hbf+24xGys+DoDaoqTht4ccfn0PcBwbViLkwkda/KNpJu2KRQ==",
      "cpu": [
        "s390x"
      ],
      "dev": true,
      "libc": [
        "glibc"
      ],
      "license": "MIT",
      "optional": true,
      "os": [
        "linux"
      ],
      "engines": {
        "node": "^20.19.0 || >=22.12.0"
      }
    },
    "node_modules/@oxfmt/binding-linux-x64-gnu": {
      "version": "0.72.0",
      "resolved": "https://registry.npmjs.org/@oxfmt/binding-linux-x64-gnu/-/binding-linux-x64-gnu-0.72.0.tgz",
      "integrity": "sha512-wQJRQfWBRIn88Pkr449EUViwRayrYUScg7ty+Ihiem21mQ9BUA6S9e/4RAgyNk9lMag0KBouyKskjq61rOC0WQ==",
      "cpu": [
        "x64"
      ],
      "dev": true,
      "libc": [
        "glibc"
      ],
      "license": "MIT",
      "optional": true,
      "os": [
        "linux"
      ],
      "engines": {
        "node": "^20.19.0 || >=22.12.0"
      }
    },
    "node_modules/@oxfmt/binding-linux-x64-musl": {
      "version": "0.72.0",
      "resolved": "https://registry.npmjs.org/@oxfmt/binding-linux-x64-musl/-/binding-linux-x64-musl-0.72.0.tgz",
      "integrity": "sha512-T1B0uQzafxuGPjjaPrZJ497nxoi1BiI65JfsYc56nNpmev3msfb/iaTmH2kQuNFqa8PKxpMlf3GhWrWBvBPORQ==",
      "cpu": [
        "x64"
      ],
      "dev": true,
      "libc": [
        "musl"
      ],
      "license": "MIT",
      "optional": true,
      "os": [
        "linux"
      ],
      "engines": {
        "node": "^20.19.0 || >=22.12.0"
      }
    },
    "node_modules/@oxfmt/binding-openharmony-arm64": {
      "version": "0.72.0",
      "resolved": "https://registry.npmjs.org/@oxfmt/binding-openharmony-arm64/-/binding-openharmony-arm64-0.72.0.tgz",
      "integrity": "sha512-OKxxgTurl7+hypVplO8QRAbbQlwEs0j1Y6FZv+ZN2qNbdxQk2muMlzuJNBGTCWwxQ0rkkOD1uK/DW1fvzoUSJA==",
      "cpu": [
        "arm64"
      ],
      "dev": true,
      "license": "MIT",
      "optional": true,
      "os": [
        "openharmony"
      ],
      "engines": {
        "node": "^20.19.0 || >=22.12.0"
      }
    },
    "node_modules/@oxfmt/binding-win32-arm64-msvc": {
      "version": "0.72.0",
      "resolved": "https://registry.npmjs.org/@oxfmt/binding-win32-arm64-msvc/-/binding-win32-arm64-msvc-0.72.0.tgz",
      "integrity": "sha512-L78TKzURqvjuZOCo88ixMbPXf/RP7u31Y0cmjJ/KEmrHmfYhmhEvsDaTYPiyTRne64jUgCbADfY0YeoQk4/Xyw==",
      "cpu": [
        "arm64"
      ],
      "dev": true,
      "license": "MIT",
      "optional": true,
      "os": [
        "win32"
      ],
      "engines": {
        "node": "^20.19.0 || >=22.12.0"
      }
    },
    "node_modules/@oxfmt/binding-win32-ia32-msvc": {
      "version": "0.72.0",
      "resolved": "https://registry.npmjs.org/@oxfmt/binding-win32-ia32-msvc/-/binding-win32-ia32-msvc-0.72.0.tgz",
      "integrity": "sha512-gQtFW+Ii8BWgtJTAD17TY/WsdNS5gUfAPov8iI1jeq4r9lRRYImmxPL08UU00/RLaCfBJwh2UgINnDY0iOiZ+A==",
      "cpu": [
        "ia32"
      ],
      "dev": true,
      "license": "MIT",
      "optional": true,
      "os": [
        "win32"
      ],
      "engines": {
        "node": "^20.19.0 || >=22.12.0"
      }
    },
    "node_modules/@oxfmt/binding-win32-x64-msvc": {
      "version": "0.72.0",
      "resolved": "https://registry.npmjs.org/@oxfmt/binding-win32-x64-msvc/-/binding-win32-x64-msvc-0.72.0.tgz",
      "integrity": "sha512-uhooIN+DCzWX5uH7mQkSVCsODqsGluGJ4n3ch4+mITtWKpESMDjUJUSDBAVFuYQDwqY2McPDKdKJbM0oZVW/Qw==",
      "cpu": [
        "x64"
      ],
      "dev": true,
      "license": "MIT",
      "optional": true,
      "os": [
        "win32"
      ],
      "engines": {
        "node": "^20.19.0 || >=22.12.0"
      }
    },
    "node_modules/@oxlint/binding-android-arm-eabi": {
      "version": "1.87.0",
      "resolved": "https://registry.npmjs.org/@oxlint/binding-android-arm-eabi/-/binding-android-arm-eabi-1.87.0.tgz",
      "integrity": "sha512-22tVIHlB9898OYsBKmYB6He1MCSqdTmK1BVWuSNUTVrpS0KWNege+U9uEYqGJ+KatQag0r/oU44i3OOs46z7HQ==",
      "cpu": [
        "arm"
      ],
      "dev": true,
      "license": "MIT",
      "optional": true,
      "os": [
        "android"
      ],
      "engines": {
        "node": "^20.19.0 || >=22.12.0"
      }
    },
    "node_modules/@oxlint/binding-android-arm64": {
      "version": "1.87.0",
      "resolved": "https://registry.npmjs.org/@oxlint/binding-android-arm64/-/binding-android-arm64-1.87.0.tgz",
      "integrity": "sha512-JfZQ3MWf74n8ov0DojZpkOduIubYJvZL5tbTMMhDutsal6u1xH1QuNpN+lK+EQwF8AeAfgwTR2fgh5U2br27XA==",
      "cpu": [
        "arm64"
      ],
      "dev": true,
      "license": "MIT",
      "optional": true,
      "os": [
        "android"
      ],
      "engines": {
        "node": "^20.19.0 || >=22.12.0"
      }
    },
    "node_modules/@oxlint/binding-darwin-arm64": {
      "version": "1.87.0",
      "resolved": "https://registry.npmjs.org/@oxlint/binding-darwin-arm64/-/binding-darwin-arm64-1.87.0.tgz",
      "integrity": "sha512-rkx6Xvvw93z2GImVOyvbZwAZcoY0Z6MJW177XNsSB+i/CBsH7ANyelTp01VZyIkM3iSXtqKVb4+ptBgPHap5pQ==",
      "cpu": [
        "arm64"
      ],
      "dev": true,
      "license": "MIT",
      "optional": true,
      "os": [
        "darwin"
      ],
      "engines": {
        "node": "^20.19.0 || >=22.12.0"
      }
    },
    "node_modules/@oxlint/binding-darwin-x64": {
      "version": "1.87.0",
      "resolved": "https://registry.npmjs.org/@oxlint/binding-darwin-x64/-/binding-darwin-x64-1.87.0.tgz",
      "integrity": "sha512-cw5nYw7L/pQ2SgGBgOcg/Qo89llQre3vIc/kuBLhSICzu1r5s8L76H3ug6AIFsD98WpROj8/z5JVzkf4daxHaQ==",
      "cpu": [
        "x64"
      ],
      "dev": true,
      "license": "MIT",
      "optional": true,
      "os": [
        "darwin"
      ],
      "engines": {
        "node": "^20.19.0 || >=22.12.0"
      }
    },
    "node_modules/@oxlint/binding-freebsd-x64": {
      "version": "1.87.0",
      "resolved": "https://registry.npmjs.org/@oxlint/binding-freebsd-x64/-/binding-freebsd-x64-1.87.0.tgz",
      "integrity": "sha512-x/SuznE6loRZK9gz9AS4ZmzNzSu+5KdeoCS+sVHhnrE8HM6AD8UyTjwldQTTqlXGvkwHASgB0NiTNOc3o3PdAg==",
      "cpu": [
        "x64"
      ],
      "dev": true,
      "license": "MIT",
      "optional": true,
      "os": [
        "freebsd"
      ],
      "engines": {
        "node": "^20.19.0 || >=22.12.0"
      }
    },
    "node_modules/@oxlint/binding-linux-arm-gnueabihf": {
      "version": "1.87.0",
      "resolved": "https://registry.npmjs.org/@oxlint/binding-linux-arm-gnueabihf/-/binding-linux-arm-gnueabihf-1.87.0.tgz",
      "integrity": "sha512-+JEDmCAXiiFmKhAjZhgAOwaHWY6WENOQ5QA+lFuY59tgsUCDOTRi46B+lENK6CWvtxsXpwkZXNOgpjAQcpIpnA==",
      "cpu": [
        "arm"
      ],
      "dev": true,
      "license": "MIT",
      "optional": true,
      "os": [
        "linux"
      ],
      "engines": {
        "node": "^20.19.0 || >=22.12.0"
      }
    },
    "node_modules/@oxlint/binding-linux-arm-musleabihf": {
      "version": "1.87.0",
      "resolved": "https://registry.npmjs.org/@oxlint/binding-linux-arm-musleabihf/-/binding-linux-arm-musleabihf-1.87.0.tgz",
      "integrity": "sha512-/uC9XqXLAC9AHFLNycwmSQEvKqGrOCgU+uXALI7gNW0DG81TJ/3T2eHnKdRvcb5R1gFEfjxDwI4e4zIa29rICQ==",
      "cpu": [
        "arm"
      ],
      "dev": true,
      "license": "MIT",
      "optional": true,
      "os": [
        "linux"
      ],
      "engines": {
        "node": "^20.19.0 || >=22.12.0"
      }
    },
    "node_modules/@oxlint/binding-linux-arm64-gnu": {
      "version": "1.87.0",
      "resolved": "https://registry.npmjs.org/@oxlint/binding-linux-arm64-gnu/-/binding-linux-arm64-gnu-1.87.0.tgz",
      "integrity": "sha512-FTRYPsBy/M728vnUv7l+KAwSAa3Qi4BQbhVvy7NYuMTZ0sUa/OWsbMx79HVFw6u/5KWcaYayDsoOiv7xbevzDg==",
      "cpu": [
        "arm64"
      ],
      "dev": true,
      "libc": [
        "glibc"
      ],
      "license": "MIT",
      "optional": true,
      "os": [
        "linux"
      ],
      "engines": {
        "node": "^20.19.0 || >=22.12.0"
      }
    },
    "node_modules/@oxlint/binding-linux-arm64-musl": {
      "version": "1.87.0",
      "resolved": "https://registry.npmjs.org/@oxlint/binding-linux-arm64-musl/-/binding-linux-arm64-musl-1.87.0.tgz",
      "integrity": "sha512-6sC+N7IY0h1egd8SrYUGNN7CUyKJZ4bIZakKa7V7hfinf4jfi8Kq4+klJvFp5DqXcwMn44I5MeBwmJluO1odFg==",
      "cpu": [
        "arm64"
      ],
      "dev": true,
      "libc": [
        "musl"
      ],
      "license": "MIT",
      "optional": true,
      "os": [
        "linux"
      ],
      "engines": {
        "node": "^20.19.0 || >=22.12.0"
      }
    },
    "node_modules/@oxlint/binding-linux-ppc64-gnu": {
      "version": "1.87.0",
      "resolved": "https://registry.npmjs.org/@oxlint/binding-linux-ppc64-gnu/-/binding-linux-ppc64-gnu-1.87.0.tgz",
      "integrity": "sha512-d5Mnn+ICbhoJPi37Ccjy+86T5qfH2+mSTrTMBXNPfB+wqSWOayBBLLIrCXdUy1YssluCVdGkl+DO9w5r5ODmUA==",
      "cpu": [
        "ppc64"
      ],
      "dev": true,
      "libc": [
        "glibc"
      ],
      "license": "MIT",
      "optional": true,
      "os": [
        "linux"
      ],
      "engines": {
        "node": "^20.19.0 || >=22.12.0"
      }
    },
    "node_modules/@oxlint/binding-linux-riscv64-gnu": {
      "version": "1.87.0",
      "resolved": "https://registry.npmjs.org/@oxlint/binding-linux-riscv64-gnu/-/binding-linux-riscv64-gnu-1.87.0.tgz",
      "integrity": "sha512-sf5YWuUo1Dx9loqWCgF8P278MycfcD4JHjDC/LV5j11L3Lqa4PFiwCjD6B8kP4AjsgZZkLn3xbpJEtZBaccs4Q==",
      "cpu": [
        "riscv64"
      ],
      "dev": true,
      "libc": [
        "glibc"
      ],
      "license": "MIT",
      "optional": true,
      "os": [
        "linux"
      ],
      "engines": {
        "node": "^20.19.0 || >=22.12.0"
      }
    },
    "node_modules/@oxlint/binding-linux-riscv64-musl": {
      "version": "1.87.0",
      "resolved": "https://registry.npmjs.org/@oxlint/binding-linux-riscv64-musl/-/binding-linux-riscv64-musl-1.87.0.tgz",
      "integrity": "sha512-+aCraYbmK3uU3P0rFojjeaK9pGY6JvBDXh/0CM+gPyWKmNmXmnFe0qj4qj02U4ibFpbd9Pa9CmDvIdjJUd29rA==",
      "cpu": [
        "riscv64"
      ],
      "dev": true,
      "libc": [
        "musl"
      ],
      "license": "MIT",
      "optional": true,
      "os": [
        "linux"
      ],
      "engines": {
        "node": "^20.19.0 || >=22.12.0"
      }
    },
    "node_modules/@oxlint/binding-linux-s390x-gnu": {
      "version": "1.87.0",
      "resolved": "https://registry.npmjs.org/@oxlint/binding-linux-s390x-gnu/-/binding-linux-s390x-gnu-1.87.0.tgz",
      "integrity": "sha512-7rzbZQIljo6VLWVPqUyLa2P/WV3VFsJB4M52R4NCUJn1A50yjtUsHxiMHFL9opEKGFIiTbZ3VQzmtcJOPUq4NQ==",
      "cpu": [
        "s390x"
      ],
      "dev": true,
      "libc": [
        "glibc"
      ],
      "license": "MIT",
      "optional": true,
      "os": [
        "linux"
      ],
      "engines": {
        "node": "^20.19.0 || >=22.12.0"
      }
    },
    "node_modules/@oxlint/binding-linux-x64-gnu": {
      "version": "1.87.0",
      "resolved": "https://registry.npmjs.org/@oxlint/binding-linux-x64-gnu/-/binding-linux-x64-gnu-1.87.0.tgz",
      "integrity": "sha512-Dry46Fa+AXE/xt9J/YriujU1pU9mzfNWHGQwtOYibAFH8HLrKWCi93AhIGnuUMiwn2JbuBkRyz51f50Ly4r4ow==",
      "cpu": [
        "x64"
      ],
      "dev": true,
      "libc": [
        "glibc"
      ],
      "license": "MIT",
      "optional": true,
      "os": [
        "linux"
      ],
      "engines": {
        "node": "^20.19.0 || >=22.12.0"
      }
    },
    "node_modules/@oxlint/binding-linux-x64-musl": {
      "version": "1.87.0",
      "resolved": "https://registry.npmjs.org/@oxlint/binding-linux-x64-musl/-/binding-linux-x64-musl-1.87.0.tgz",
      "integrity": "sha512-f/HMZez74gJvnRpGz+b5sdGyWrEgRLmFTXg9sNoqjPWogGxYHUhXKTKyMiYsu9rUGR2ciYqL3fk+Ua4JhMJbRA==",
      "cpu": [
        "x64"
      ],
      "dev": true,
      "libc": [
        "musl"
      ],
      "license": "MIT",
      "optional": true,
      "os": [
        "linux"
      ],
      "engines": {
        "node": "^20.19.0 || >=22.12.0"
      }
    },
    "node_modules/@oxlint/binding-openharmony-arm64": {
      "version": "1.87.0",
      "resolved": "https://registry.npmjs.org/@oxlint/binding-openharmony-arm64/-/binding-openharmony-arm64-1.87.0.tgz",
      "integrity": "sha512-lEC6ZfPZm/07JlB7FsOWX9o1RiHlXiBW594LSUGuXmekC8LZmvUPP9XzE2WZcNxJi5cHA/Fw56o02c3JxgMA5g==",
      "cpu": [
        "arm64"
      ],
      "dev": true,
      "license": "MIT",
      "optional": true,
      "os": [
        "openharmony"
      ],
      "engines": {
        "node": "^20.19.0 || >=22.12.0"
      }
    },
    "node_modules/@oxlint/binding-win32-arm64-msvc": {
      "version": "1.87.0",
      "resolved": "https://registry.npmjs.org/@oxlint/binding-win32-arm64-msvc/-/binding-win32-arm64-msvc-1.87.0.tgz",
      "integrity": "sha512-afBWKOD36dUiA9AenaiWpCg8xfyUVPYznyAAVXu413brK4RA5UI/Xoc4yfeGIT8G1a44MV+JR7hioryerBDzGQ==",
      "cpu": [
        "arm64"
      ],
      "dev": true,
      "license": "MIT",
      "optional": true,
      "os": [
        "win32"
      ],
      "engines": {
        "node": "^20.19.0 || >=22.12.0"
      }
    },
    "node_modules/@oxlint/binding-win32-ia32-msvc": {
      "version": "1.87.0",
      "resolved": "https://registry.npmjs.org/@oxlint/binding-win32-ia32-msvc/-/binding-win32-ia32-msvc-1.87.0.tgz",
      "integrity": "sha512-daptNsEOuru4/nJTxV4DBHNJ5GepzmaBVQf+jjgKQGi9NRlZKik+RFq4hUL7ewsF1pwjKM+SkYaMbF82UwFGnw==",
      "cpu": [
        "ia32"
      ],
      "dev": true,
      "license": "MIT",
      "optional": true,
      "os": [
        "win32"
      ],
      "engines": {
        "node": "^20.19.0 || >=22.12.0"
      }
    },
    "node_modules/@oxlint/binding-win32-x64-msvc": {
      "version": "1.87.0",
      "resolved": "https://registry.npmjs.org/@oxlint/binding-win32-x64-msvc/-/binding-win32-x64-msvc-1.87.0.tgz",
      "integrity": "sha512-k+m/EShyXE29J/r1fjk0HlAzhN5JhIvj044oSJkXTEkCLrWZQgXb/3r4q5LTw/eaKW/4GuMXG2xmiJs3s5rPNw==",
      "cpu": [
        "x64"
      ],
      "dev": true,
      "license": "MIT",
      "optional": true,
      "os": [
        "win32"
      ],
      "engines": {
        "node": "^20.19.0 || >=22.12.0"
      }
    },
    "node_modules/@types/node": {
      "version": "26.6.4",
      "resolved": "https://registry.npmjs.org/@types/node/-/node-26.6.4.tgz",
      "integrity": "sha512-ldVPDCzj7fsaGZrLB0NuHuTvJcsNasysBAqMolr/cgxrLd1xbqxIr3XJiPnHHJUCxj5sNF1vnRj9aWnrVh5Jcg==",
      "dev": true,
      "license": "MIT",
      "dependencies": {
        "undici-types": "~8.9.0"
      }
    },
    "node_modules/oxfmt": {
      "version": "0.72.0",
      "resolved": "https://registry.npmjs.org/oxfmt/-/oxfmt-0.72.0.tgz",
      "integrity": "sha512-16OQeL0uhPZbfmT9S9WWM0Nv9+BmVi8Ra1uTYaSKj/qSCs6FB30KOhz9JoNYw6thT+K5bVxsk/tSEOu497i34g==",
      "dev": true,
      "license": "MIT",
      "dependencies": {
        "tinypool": "2.2.0"
      },
      "bin": {
        "oxfmt": "bin/oxfmt"
      },
      "engines": {
        "node": "^20.19.0 || >=22.12.0"
      },
      "funding": {
        "url": "https://github.com/sponsors/oxc-project"
      },
      "optionalDependencies": {
        "@oxfmt/binding-android-arm-eabi": "0.72.0",
        "@oxfmt/binding-android-arm64": "0.72.0",
        "@oxfmt/binding-darwin-arm64": "0.72.0",
        "@oxfmt/binding-darwin-x64": "0.72.0",
        "@oxfmt/binding-freebsd-x64": "0.72.0",
        "@oxfmt/binding-linux-arm-gnueabihf": "0.72.0",
        "@oxfmt/binding-linux-arm-musleabihf": "0.72.0",
        "@oxfmt/binding-linux-arm64-gnu": "0.72.0",
        "@oxfmt/binding-linux-arm64-musl": "0.72.0",
        "@oxfmt/binding-linux-ppc64-gnu": "0.72.0",
        "@oxfmt/binding-linux-riscv64-gnu": "0.72.0",
        "@oxfmt/binding-linux-riscv64-musl": "0.72.0",
        "@oxfmt/binding-linux-s390x-gnu": "0.72.0",
        "@oxfmt/binding-linux-x64-gnu": "0.72.0",
        "@oxfmt/binding-linux-x64-musl": "0.72.0",
        "@oxfmt/binding-openharmony-arm64": "0.72.0",
        "@oxfmt/binding-win32-arm64-msvc": "0.72.0",
        "@oxfmt/binding-win32-ia32-msvc": "0.72.0",
        "@oxfmt/binding-win32-x64-msvc": "0.72.0"
      },
      "peerDependencies": {
        "svelte": "^5.0.0",
        "vite-plus": "*"
      },
      "peerDependenciesMeta": {
        "svelte": {
          "optional": true
        },
        "vite-plus": {
          "optional": true
        }
      }
    },
    "node_modules/oxlint": {
      "version": "1.87.0",
      "resolved": "https://registry.npmjs.org/oxlint/-/oxlint-1.87.0.tgz",
      "integrity": "sha512-drxVlaW7Oqq7wSy1CN25znRu00aRq8n57Q2wniJRxCmtYVz07ufCm7EVDPQFZURrTgQIjzKrVEHAD/HcvJXObg==",
      "dev": true,
      "license": "MIT",
      "bin": {
        "oxlint": "bin/oxlint"
      },
      "engines": {
        "node": "^20.19.0 || >=22.12.0"
      },
      "funding": {
        "url": "https://github.com/sponsors/oxc-project"
      },
      "optionalDependencies": {
        "@oxlint/binding-android-arm-eabi": "1.87.0",
        "@oxlint/binding-android-arm64": "1.87.0",
        "@oxlint/binding-darwin-arm64": "1.87.0",
        "@oxlint/binding-darwin-x64": "1.87.0",
        "@oxlint/binding-freebsd-x64": "1.87.0",
        "@oxlint/binding-linux-arm-gnueabihf": "1.87.0",
        "@oxlint/binding-linux-arm-musleabihf": "1.87.0",
        "@oxlint/binding-linux-arm64-gnu": "1.87.0",
        "@oxlint/binding-linux-arm64-musl": "1.87.0",
        "@oxlint/binding-linux-ppc64-gnu": "1.87.0",
        "@oxlint/binding-linux-riscv64-gnu": "1.87.0",
        "@oxlint/binding-linux-riscv64-musl": "1.87.0",
        "@oxlint/binding-linux-s390x-gnu": "1.87.0",
        "@oxlint/binding-linux-x64-gnu": "1.87.0",
        "@oxlint/binding-linux-x64-musl": "1.87.0",
        "@oxlint/binding-openharmony-arm64": "1.87.0",
        "@oxlint/binding-win32-arm64-msvc": "1.87.0",
        "@oxlint/binding-win32-ia32-msvc": "1.87.0",
        "@oxlint/binding-win32-x64-msvc": "1.87.0"
      },
      "peerDependencies": {
        "oxlint-tsgolint": ">=7.0.2003",
        "vite-plus": "*"
      },
      "peerDependenciesMeta": {
        "oxlint-tsgolint": {
          "optional": true
        },
        "vite-plus": {
          "optional": true
        }
      }
    },
    "node_modules/postgres": {
      "version": "3.4.9",
      "resolved": "https://registry.npmjs.org/postgres/-/postgres-3.4.9.tgz",
      "integrity": "sha512-GD3qdB0x1z9xgFI6cdRD6xu2Sp2WCOEoe3mtnyB5Ee0XrrL5Pe+e4CCnJrRMnL1zYtRDZmQQVbvOttLnKDLnaw==",
      "dev": true,
      "license": "Unlicense",
      "engines": {
        "node": ">=12"
      },
      "funding": {
        "type": "individual",
        "url": "https://github.com/sponsors/porsager"
      }
    },
    "node_modules/tinypool": {
      "version": "2.2.0",
      "resolved": "https://registry.npmjs.org/tinypool/-/tinypool-2.2.0.tgz",
      "integrity": "sha512-jBrmx4lYmaC9k/mgPbylxs7kBUxHtD8256up+HjLaDFfXScKJQyil+SWXSvhAtT7XHo+yTVlpB81PGmHP8oLSQ==",
      "dev": true,
      "license": "MIT",
      "engines": {
        "node": "^20.0.0 || >=22.0.0"
      }
    },
    "node_modules/undici-types": {
      "version": "8.9.0",
      "resolved": "https://registry.npmjs.org/undici-types/-/undici-types-8.9.0.tgz",
      "integrity": "sha512-KTDyRTYX8sWmKXAikPHHSyc63CRPETMctyjKFupcC6OBLXT3xsN0e9aF7m+mIXutFWpUXuedtowG7iLOzp0kQg==",
      "dev": true,
      "license": "MIT"
    }
  }
}
